<?xml version="1.0" encoding="utf-8"?>
<Project ToolsVersion="4.0" xmlns="http://schemas.microsoft.com/developer/msbuild/2003">
  <ItemGroup>
    <Filter Include="소스 파일">
      <UniqueIdentifier>{4FC737F1-C7A5-4376-A066-2A32D752A2FF}</UniqueIdentifier>
      <Extensions>cpp;c;cc;cxx;c++;cppm;ixx;def;odl;idl;hpj;bat;asm;asmx</Extensions>
    </Filter>
    <Filter Include="헤더 파일">
      <UniqueIdentifier>{93995380-89BD-4b04-88EB-625FBE52EBFB}</UniqueIdentifier>
      <Extensions>h;hh;hpp;hxx;h++;hm;inl;inc;ipp;xsd</Extensions>
    </Filter>
    <Filter Include="리소스 파일">
      <UniqueIdentifier>{67DA6AB6-F800-4c08-8B7A-83BB121AAD01}</UniqueIdentifier>
      <Extensions>rc;ico;cur;bmp;dlg;rc2;rct;bin;rgs;gif;jpg;jpeg;jpe;resx;tiff;tif;png;wav;mfcribbon-ms</Extensions>
    </Filter>
    <Filter Include="소스 파일\Scene">
      <UniqueIdentifier>{ee716e8a-130b-4461-b278-97d101233e94}</UniqueIdentifier>
    </Filter>
    <Filter Include="헤더 파일\Scene">
      <UniqueIdentifier>{4999d5a6-c5e7-4546-b5e2-00ec5c9e966c}</UniqueIdentifier>
    </Filter>
    <Filter Include="소스 파일\Resource">
      <UniqueIdentifier>{f2616302-3fd2-429b-a0e5-5686bf5e2c55}</UniqueIdentifier>
    </Filter>
    <Filter Include="소스 파일\Input">
      <UniqueIdentifier>{a6cee9cd-28de-4712-aab7-819bc84de883}</UniqueIdentifier>
    </Filter>
    <Filter Include="소스 파일\Data">
      <UniqueIdentifier>{20441281-79ff-4e5d-b3be-56ffb0fe8d17}</UniqueIdentifier>
    </Filter>
    <Filter Include="소스 파일\Entity">
      <UniqueIdentifier>{15abd825-fb0a-4227-983e-1aec34cb1912}</UniqueIdentifier>
    </Filter>
    <Filter Include="소스 파일\Graphics">
      <UniqueIdentifier>{6d117efa-d08d-4180-bb37-92d29e56fac2}</UniqueIdentifier>
    </Filter>
    <Filter Include="헤더 파일\Input">
      <UniqueIdentifier>{8ac93036-d69c-42d3-9fa5-88dc79bb1965}</UniqueIdentifier>
    </Filter>
    <Filter Include="헤더 파일\Data">
      <UniqueIdentifier>{ccfe4bf8-f297-4ca3-b41d-05b0112e9c6a}</UniqueIdentifier>
    </Filter>
    <Filter Include="헤더 파일\Entity">
      <UniqueIdentifier>{1544d143-8e19-4da3-8d20-a5938b646e3f}</UniqueIdentifier>
    </Filter>
    <Filter Include="헤더 파일\Scene\Scenes">
      <UniqueIdentifier>{65cf7744-faed-4e05-b968-ba1773c987ea}</UniqueIdentifier>
    </Filter>
    <Filter Include="소스 파일\Scene\Scenes">
      <UniqueIdentifier>{5ca9b961-5458-4d3a-bab0-a492f0a7912c}</UniqueIdentifier>
    </Filter>
    <Filter Include="헤더 파일\Graphics">
      <UniqueIdentifier>{0b06889f-6d7a-40a6-b2ac-6a640b5da63d}</UniqueIdentifier>
    </Filter>
    <Filter Include="헤더 파일\Resource">
      <UniqueIdentifier>{6ffdab9e-2b32-4e71-93c5-09c9af984d2f}</UniqueIdentifier>
    </Filter>
    <Filter Include="헤더 파일\Entity\Creature">
      <UniqueIdentifier>{90e75692-80c6-4142-9fd0-8093ea637bfc}</UniqueIdentifier>
    </Filter>
    <Filter Include="헤더 파일\Entity\Creature\Monster">
      <UniqueIdentifier>{2ed69565-8e52-438f-9bd5-6c9b7966ec4e}</UniqueIdentifier>
    </Filter>
    <Filter Include="헤더 파일\Entity\Creature\Player">
      <UniqueIdentifier>{f05410ba-be88-460c-ae20-33391f1b9697}</UniqueIdentifier>
    </Filter>
    <Filter Include="소스 파일\Entity\Creature">
      <UniqueIdentifier>{e276992d-4ea7-4b88-a0bd-2a28b458e796}</UniqueIdentifier>
    </Filter>
    <Filter Include="소스 파일\Entity\Creature\Monster">
      <UniqueIdentifier>{cd5c500c-6b2c-44ee-b3bb-ea846fe48b09}</UniqueIdentifier>
    </Filter>
    <Filter Include="헤더 파일\Collision">
      <UniqueIdentifier>{4c8d48e2-a977-4e33-a689-a1e3fa0cab9b}</UniqueIdentifier>
    </Filter>
    <Filter Include="소스 파일\Collision">
      <UniqueIdentifier>{a46d7971-1ba8-4c34-8a2f-5baeb2424fb5}</UniqueIdentifier>
    </Filter>
    <Filter Include="소스 파일\Entity\Creature\Player">
      <UniqueIdentifier>{c2c55ad3-b1b7-4696-8ec6-5d254a8bfdd5}</UniqueIdentifier>
    </Filter>
    <Filter Include="헤더 파일\Entity\Creature\Player\Job">
      <UniqueIdentifier>{2f5b75b1-a356-491d-aca5-47a66e1ae57d}</UniqueIdentifier>
    </Filter>
    <Filter Include="소스 파일\Entity\Creature\Player\Job">
      <UniqueIdentifier>{e1857e67-796a-4e64-865f-74af6cc6270a}</UniqueIdentifier>
    </Filter>
    <Filter Include="소스 파일\UI">
      <UniqueIdentifier>{5f12d82f-a03c-4d51-9034-9619f4a20d5f}</UniqueIdentifier>
    </Filter>
    <Filter Include="소스 파일\Entity\Projectile">
      <UniqueIdentifier>{9f22fc1e-b6a7-47dd-93c7-b34e01121d35}</UniqueIdentifier>
    </Filter>
    <Filter Include="헤더 파일\Entity\Projectile">
      <UniqueIdentifier>{04843750-6401-4b0f-9bd0-9eba3846333f}</UniqueIdentifier>
    </Filter>
    <Filter Include="소스 파일\Entity\Creature\Monster\MonsterType">
      <UniqueIdentifier>{fb0c5d9a-1c39-4069-bf06-1731b6fcf2df}</UniqueIdentifier>
    </Filter>
    <Filter Include="소스 파일\Entity\Projectile\ProjectileType">
      <UniqueIdentifier>{d229a287-db2f-46a3-91ed-79bbafda8408}</UniqueIdentifier>
    </Filter>
    <Filter Include="헤더 파일\Entity\Projectile\ProjectileType">
      <UniqueIdentifier>{36c4c961-75af-402a-ab82-5fa894f1fcc7}</UniqueIdentifier>
    </Filter>
    <Filter Include="헤더 파일\Entity\Creature\Monster\MonsterType">
      <UniqueIdentifier>{e2c3fe1b-ad81-4fa4-b530-b469be27ac64}</UniqueIdentifier>
    </Filter>
    <Filter Include="헤더 파일\Save">
      <UniqueIdentifier>{daf820f8-e125-467b-ad52-49231ffb3c38}</UniqueIdentifier>
    </Filter>
    <Filter Include="헤더 파일\UI">
      <UniqueIdentifier>{43679646-0b9f-4a9a-8743-1eb964416559}</UniqueIdentifier>
    </Filter>
  </ItemGroup>
  <ItemGroup>
    <ClCompile Include="main.cpp">
      <Filter>소스 파일</Filter>
    </ClCompile>
    <ClCompile Include="Game.cpp">
      <Filter>소스 파일</Filter>
    </ClCompile>
    <ClCompile Include="SceneManager.cpp">
      <Filter>소스 파일\Scene</Filter>
    </ClCompile>
    <ClCompile Include="Scene.cpp">
      <Filter>소스 파일\Scene</Filter>
    </ClCompile>
    <ClCompile Include="TitleScene.cpp">
      <Filter>소스 파일\Scene\Scenes</Filter>
    </ClCompile>
    <ClCompile Include="JobSelectScene.cpp">
      <Filter>소스 파일\Scene\Scenes</Filter>
    </ClCompile>
    <ClCompile Include="ResourceManager.cpp">
      <Filter>소스 파일\Resource</Filter>
    </ClCompile>
    <ClCompile Include="InputManager.cpp">
      <Filter>소스 파일\Input</Filter>
    </ClCompile>
    <ClCompile Include="DataManager.cpp">
      <Filter>소스 파일\Data</Filter>
    </ClCompile>
    <ClCompile Include="EntityManager.cpp">
      <Filter>소스 파일\Entity</Filter>
    </ClCompile>
    <ClCompile Include="Monster.cpp">
      <Filter>소스 파일\Entity\Creature\Monster</Filter>
    </ClCompile>
    <ClCompile Include="Player.cpp">
      <Filter>소스 파일\Entity\Creature\Player</Filter>
    </ClCompile>
    <ClCompile Include="Entity.cpp">
      <Filter>소스 파일\Entity</Filter>
    </ClCompile>
    <ClCompile Include="Animation.cpp">
      <Filter>소스 파일\Graphics</Filter>
    </ClCompile>
    <ClCompile Include="Camera.cpp">
      <Filter>소스 파일\Graphics</Filter>
    </ClCompile>
    <ClCompile Include="HomeScene.cpp">
      <Filter>소스 파일\Scene\Scenes</Filter>
    </ClCompile>
    <ClCompile Include="DungeonScene.cpp">
      <Filter>소스 파일\Scene\Scenes</Filter>
    </ClCompile>
    <ClCompile Include="BossScene.cpp">
      <Filter>소스 파일\Scene\Scenes</Filter>
    </ClCompile>
    <ClCompile Include="Creature.cpp">
      <Filter>소스 파일\Entity\Creature</Filter>
    </ClCompile>
    <ClCompile Include="Collider.cpp">
      <Filter>소스 파일\Collision</Filter>
    </ClCompile>
    <ClCompile Include="SpriteUtil.cpp">
      <Filter>소스 파일\Graphics</Filter>
    </ClCompile>
    <ClCompile Include="AnimationState.h">
      <Filter>헤더 파일\Graphics</Filter>
    </ClCompile>
    <ClCompile Include="AnimationData.h">
      <Filter>헤더 파일\Graphics</Filter>
    </ClCompile>
    <ClCompile Include="MonsterColor.h">
      <Filter>헤더 파일\Entity\Creature\Monster</Filter>
    </ClCompile>
    <ClCompile Include="MonsterData.h">
      <Filter>헤더 파일\Entity\Creature\Monster</Filter>
    </ClCompile>
    <ClCompile Include="Archer.cpp">
      <Filter>소스 파일\Entity\Creature\Player\Job</Filter>
    </ClCompile>
    <ClCompile Include="Mage.cpp">
      <Filter>소스 파일\Entity\Creature\Player\Job</Filter>
    </ClCompile>
    <ClCompile Include="Warrior.cpp">
      <Filter>소스 파일\Entity\Creature\Player\Job</Filter>
    </ClCompile>
    <ClCompile Include="Slime.cpp">
      <Filter>소스 파일\Entity\Creature\Monster\MonsterType</Filter>
    </ClCompile>
    <ClCompile Include="UI.cpp">
      <Filter>소스 파일\UI</Filter>
    </ClCompile>
    <ClCompile Include="Button.cpp">
      <Filter>소스 파일\UI</Filter>
    </ClCompile>
    <ClCompile Include="GaugeBar.cpp">
      <Filter>소스 파일\UI</Filter>
    </ClCompile>
    <ClCompile Include="InGameScene.cpp">
      <Filter>소스 파일\Scene</Filter>
    </ClCompile>
    <ClCompile Include="Projectile.cpp">
      <Filter>소스 파일\Entity\Projectile</Filter>
    </ClCompile>
    <ClCompile Include="Arrow.cpp">
      <Filter>소스 파일\Entity\Projectile\ProjectileType</Filter>
    </ClCompile>
    <ClCompile Include="SkillCooldownUI.cpp">
      <Filter>소스 파일\UI</Filter>
    </ClCompile>
    <ClCompile Include="BladeWave.cpp">
      <Filter>소스 파일\Entity\Projectile\ProjectileType</Filter>
    </ClCompile>
    <ClCompile Include="PlayerSaveData.h">
      <Filter>헤더 파일\Entity\Creature\Player</Filter>
    </ClCompile>
    <ClCompile Include="SaveManager.cpp">
      <Filter>소스 파일\Data</Filter>
    </ClCompile>
    <ClCompile Include="Cacto.cpp">
      <Filter>소스 파일\Entity\Creature\Monster\MonsterType</Filter>
    </ClCompile>
    <ClCompile Include="Skeleton.cpp">
      <Filter>소스 파일\Entity\Creature\Monster\MonsterType</Filter>
    </ClCompile>
    <ClCompile Include="Lich.cpp">
      <Filter>소스 파일\Entity\Creature\Monster\MonsterType</Filter>
    </ClCompile>
    <ClCompile Include="LichFireball.cpp">
      <Filter>소스 파일\Entity\Projectile\ProjectileType</Filter>
    </ClCompile>
    <ClCompile Include="GiantSlime.cpp">
      <Filter>소스 파일\Entity\Creature\Monster\MonsterType</Filter>
    </ClCompile>
    <ClCompile Include="SlimeSpike.cpp">
      <Filter>소스 파일\Entity\Projectile\ProjectileType</Filter>
    </ClCompile>
    <ClCompile Include="UltimateUI.cpp">
      <Filter>소스 파일\UI</Filter>
    </ClCompile>
  </ItemGroup>
  <ItemGroup>
    <ClInclude Include="Game.h">
      <Filter>헤더 파일</Filter>
    </ClInclude>
    <ClInclude Include="TitleScene.h">
      <Filter>헤더 파일\Scene\Scenes</Filter>
    </ClInclude>
    <ClInclude Include="SceneManager.h">
      <Filter>헤더 파일\Scene</Filter>
    </ClInclude>
    <ClInclude Include="Scene.h">
      <Filter>헤더 파일\Scene</Filter>
    </ClInclude>
    <ClInclude Include="JobSelectScene.h">
      <Filter>헤더 파일\Scene\Scenes</Filter>
    </ClInclude>
    <ClInclude Include="SceneType.h">
      <Filter>헤더 파일\Scene</Filter>
    </ClInclude>
    <ClInclude Include="InputManager.h">
      <Filter>헤더 파일\Input</Filter>
    </ClInclude>
    <ClInclude Include="DataManager.h">
      <Filter>헤더 파일\Data</Filter>
    </ClInclude>
    <ClInclude Include="Animation.h">
      <Filter>헤더 파일\Graphics</Filter>
    </ClInclude>
    <ClInclude Include="Camera.h">
      <Filter>헤더 파일\Graphics</Filter>
    </ClInclude>
    <ClInclude Include="EntityManager.h">
      <Filter>헤더 파일\Entity</Filter>
    </ClInclude>
    <ClInclude Include="Monster.h">
      <Filter>헤더 파일\Entity\Creature\Monster</Filter>
    </ClInclude>
    <ClInclude Include="Player.h">
      <Filter>헤더 파일\Entity\Creature\Player</Filter>
    </ClInclude>
    <ClInclude Include="ResourceManager.h">
      <Filter>헤더 파일\Resource</Filter>
    </ClInclude>
    <ClInclude Include="Constants.h">
      <Filter>헤더 파일</Filter>
    </ClInclude>
    <ClInclude Include="HomeScene.h">
      <Filter>헤더 파일\Scene\Scenes</Filter>
    </ClInclude>
    <ClInclude Include="PlayerType.h">
      <Filter>헤더 파일\Entity\Creature\Player</Filter>
    </ClInclude>
    <ClInclude Include="MonsterType.h">
      <Filter>헤더 파일\Entity\Creature\Monster</Filter>
    </ClInclude>
    <ClInclude Include="DungeonScene.h">
      <Filter>헤더 파일\Scene\Scenes</Filter>
    </ClInclude>
    <ClInclude Include="BossScene.h">
      <Filter>헤더 파일\Scene\Scenes</Filter>
    </ClInclude>
    <ClInclude Include="CreatureType.h">
      <Filter>헤더 파일\Entity\Creature</Filter>
    </ClInclude>
    <ClInclude Include="Creature.h">
      <Filter>헤더 파일\Entity\Creature</Filter>
    </ClInclude>
    <ClInclude Include="Entity.h">
      <Filter>헤더 파일\Entity</Filter>
    </ClInclude>
    <ClInclude Include="Collider.h">
      <Filter>헤더 파일\Collision</Filter>
    </ClInclude>
    <ClInclude Include="PlayerData.h">
      <Filter>헤더 파일\Entity\Creature\Player</Filter>
    </ClInclude>
    <ClInclude Include="SpriteUtil.h">
      <Filter>헤더 파일\Graphics</Filter>
    </ClInclude>
    <ClInclude Include="Mage.h">
      <Filter>헤더 파일\Entity\Creature\Player\Job</Filter>
    </ClInclude>
    <ClInclude Include="Archer.h">
      <Filter>헤더 파일\Entity\Creature\Player\Job</Filter>
    </ClInclude>
    <ClInclude Include="Warrior.h">
      <Filter>헤더 파일\Entity\Creature\Player\Job</Filter>
    </ClInclude>
    <ClInclude Include="Slime.h">
      <Filter>헤더 파일\Entity\Creature\Monster\MonsterType</Filter>
    </ClInclude>
    <ClInclude Include="Button.h">
      <Filter>헤더 파일\UI</Filter>
    </ClInclude>
    <ClInclude Include="GaugeBar.h">
      <Filter>헤더 파일\UI</Filter>
    </ClInclude>
    <ClInclude Include="InGameScene.h">
      <Filter>헤더 파일\Scene</Filter>
    </ClInclude>
    <ClInclude Include="ProjectileType.h">
      <Filter>헤더 파일\Entity\Projectile</Filter>
    </ClInclude>
    <ClInclude Include="Projectile.h">
      <Filter>헤더 파일\Entity\Projectile</Filter>
    </ClInclude>
    <ClInclude Include="Arrow.h">
      <Filter>헤더 파일\Entity\Projectile\ProjectileType</Filter>
    </ClInclude>
    <ClInclude Include="SkillCooldownUI.h">
      <Filter>헤더 파일\UI</Filter>
    </ClInclude>
    <ClInclude Include="BladeWave.h">
      <Filter>헤더 파일\Entity\Projectile\ProjectileType</Filter>
    </ClInclude>
    <ClInclude Include="MonsterLevelData.h">
      <Filter>헤더 파일\Entity\Creature\Monster</Filter>
    </ClInclude>
    <ClInclude Include="PlayerLevelData.h">
      <Filter>헤더 파일\Entity\Creature\Player</Filter>
    </ClInclude>
    <ClInclude Include="MonsterSpawnData.h">
      <Filter>헤더 파일\Entity\Creature\Monster</Filter>
    </ClInclude>
    <ClInclude Include="SaveManager.h">
      <Filter>헤더 파일\Data</Filter>
    </ClInclude>
    <ClInclude Include="Cacto.h">
      <Filter>헤더 파일\Entity\Creature\Monster\MonsterType</Filter>
    </ClInclude>
    <ClInclude Include="UI.h">
      <Filter>헤더 파일\UI</Filter>
    </ClInclude>
    <ClInclude Include="Skeleton.h">
      <Filter>헤더 파일\Entity\Creature\Monster\MonsterType</Filter>
    </ClInclude>
    <ClInclude Include="Lich.h">
      <Filter>헤더 파일\Entity\Creature\Monster\MonsterType</Filter>
    </ClInclude>
    <ClInclude Include="LichFireball.h">
      <Filter>헤더 파일\Entity\Projectile\ProjectileType</Filter>
    </ClInclude>
    <ClInclude Include="GiantSlime.h">
      <Filter>헤더 파일\Entity\Creature\Monster\MonsterType</Filter>
    </ClInclude>
    <ClInclude Include="BossPhase.h">
      <Filter>헤더 파일\Entity\Creature\Monster</Filter>
    </ClInclude>
    <ClInclude Include="SlimeSpike.h">
      <Filter>헤더 파일\Entity\Projectile\ProjectileType</Filter>
    </ClInclude>
    <ClInclude Include="UltimateUI.h">
      <Filter>헤더 파일\UI</Filter>
    </ClInclude>
  </ItemGroup>
  <ItemGroup>
    <None Include="Data\PlayerData.json">
      <Filter>리소스 파일</Filter>
    </None>
    <None Include="Data\AnimationData.json">
      <Filter>리소스 파일</Filter>
    </None>
    <None Include="Data\MonsterData.json">
      <Filter>리소스 파일</Filter>
    </None>
    <None Include="Data\MonsterLevelData.json">
      <Filter>리소스 파일</Filter>
    </None>
    <None Include="Data\MonsterSpawnData.json">
      <Filter>리소스 파일</Filter>
    </None>
    <None Include="Data\PlayerLevelData.json">
      <Filter>리소스 파일</Filter>
    </None>
    <None Include="Save\SaveData.json">
      <Filter>리소스 파일</Filter>
    </None>
  </ItemGroup>
</Project>